
Microsoft Visual Studio Solution File, Format Version 12.00
# Visual Studio Version 17
VisualStudioVersion = 17.9.34723.18
MinimumVisualStudioVersion = 10.0.40219.1
Project("{FAE04EC0-301F-11D3-BF4B-00C04F79EFBC}") = "BlazorEcommerce.Server", "BlazorEcommerce\Server\BlazorEcommerce.Server.csproj", "{44AEF4A3-299D-48C4-A96E-0899CFF3907D}"
EndProject
Project("{FAE04EC0-301F-11D3-BF4B-00C04F79EFBC}") = "BlazorEcommerce.Client", "BlazorEcommerce\Client\BlazorEcommerce.Client.csproj", "{9A90B9FB-A71F-49B8-AE06-A3EA453D373D}"
EndProject
Project("{FAE04EC0-301F-11D3-BF4B-00C04F79EFBC}") = "BlazorEcommerce.Shared", "BlazorEcommerce\Shared\BlazorEcommerce.Shared.csproj", "{B7B7F09E-EC76-4D20-A713-C9CBD402182A}"
EndProject
Global
	GlobalSection(SolutionConfigurationPlatforms) = preSolution
		Debug|Any CPU = Debug|Any CPU
		Release|Any CPU = Release|Any CPU
	EndGlobalSection
	GlobalSection(ProjectConfigurationPlatforms) = postSolution
		{44AEF4A3-299D-48C4-A96E-0899CFF3907D}.Debug|Any CPU.ActiveCfg = Debug|Any CPU
		{44AEF4A3-299D-48C4-A96E-0899CFF3907D}.Debug|Any CPU.Build.0 = Debug|Any CPU
		{44AEF4A3-299D-48C4-A96E-0899CFF3907D}.Release|Any CPU.ActiveCfg = Release|Any CPU
		{44AEF4A3-299D-48C4-A96E-0899CFF3907D}.Release|Any CPU.Build.0 = Release|Any CPU
		{9A90B9FB-A71F-49B8-AE06-A3EA453D373D}.Debug|Any CPU.ActiveCfg = Debug|Any CPU
		{9A90B9FB-A71F-49B8-AE06-A3EA453D373D}.Debug|Any CPU.Build.0 = Debug|Any CPU
		{9A90B9FB-A71F-49B8-AE06-A3EA453D373D}.Release|Any CPU.ActiveCfg = Release|Any CPU
		{9A90B9FB-A71F-49B8-AE06-A3EA453D373D}.Release|Any CPU.Build.0 = Release|Any CPU
		{B7B7F09E-EC76-4D20-A713-C9CBD402182A}.Debug|Any CPU.ActiveCfg = Debug|Any CPU
		{B7B7F09E-EC76-4D20-A713-C9CBD402182A}.Debug|Any CPU.Build.0 = Debug|Any CPU
		{B7B7F09E-EC76-4D20-A713-C9CBD402182A}.Release|Any CPU.ActiveCfg = Release|Any CPU
		{B7B7F09E-EC76-4D20-A713-C9CBD402182A}.Release|Any CPU.Build.0 = Release|Any CPU
	EndGlobalSection
	GlobalSection(SolutionProperties) = preSolution
		HideSolutionNode = FALSE
	EndGlobalSection
	GlobalSection(ExtensibilityGlobals) = postSolution
		SolutionGuid = {A9F81AFA-60AB-449F-93A8-8F053F3E3794}
	EndGlobalSection
EndGlobal
